// !$*UTF8*$!
{
	archiveVersion = 1;
	classes = {
	};
	objectVersion = 46;
	objects = {

/* Begin PBXBuildFile section */
		966569581E7CA153004F5478 /* AppDelegate.swift in Sources */ = {isa = PBXBuildFile; fileRef = 966569571E7CA153004F5478 /* AppDelegate.swift */; };
		9665695A1E7CA153004F5478 /* MadLibsViewController.swift in Sources */ = {isa = PBXBuildFile; fileRef = 966569591E7CA153004F5478 /* MadLibsViewController.swift */; };
		9665695D1E7CA153004F5478 /* Main.storyboard in Resources */ = {isa = PBXBuildFile; fileRef = 9665695B1E7CA153004F5478 /* Main.storyboard */; };
		9665695F1E7CA153004F5478 /* Assets.xcassets in Resources */ = {isa = PBXBuildFile; fileRef = 9665695E1E7CA153004F5478 /* Assets.xcassets */; };
		966569621E7CA153004F5478 /* LaunchScreen.storyboard in Resources */ = {isa = PBXBuildFile; fileRef = 966569601E7CA153004F5478 /* LaunchScreen.storyboard */; };
		9665696D1E7CA153004F5478 /* MadLibsTests.swift in Sources */ = {isa = PBXBuildFile; fileRef = 9665696C1E7CA153004F5478 /* MadLibsTests.swift */; };
		966569781E7CA153004F5478 /* MadLibsUITests.swift in Sources */ = {isa = PBXBuildFile; fileRef = 966569771E7CA153004F5478 /* MadLibsUITests.swift */; };
		966569861E7CA8F6004F5478 /* ComposeMadLibsViewController.swift in Sources */ = {isa = PBXBuildFile; fileRef = 966569851E7CA8F6004F5478 /* ComposeMadLibsViewController.swift */; };
		966569881E7CA95B004F5478 /* ComposeMadLibsDelegate.swift in Sources */ = {isa = PBXBuildFile; fileRef = 966569871E7CA95B004F5478 /* ComposeMadLibsDelegate.swift */; };
/* End PBXBuildFile section */

/* Begin PBXContainerItemProxy section */
		966569691E7CA153004F5478 /* PBXContainerItemProxy */ = {
			isa = PBXContainerItemProxy;
			containerPortal = 9665694C1E7CA153004F5478 /* Project object */;
			proxyType = 1;
			remoteGlobalIDString = 966569531E7CA153004F5478;
			remoteInfo = MadLibs;
		};
		966569741E7CA153004F5478 /* PBXContainerItemProxy */ = {
			isa = PBXContainerItemProxy;
			containerPortal = 9665694C1E7CA153004F5478 /* Project object */;
			proxyType = 1;
			remoteGlobalIDString = 966569531E7CA153004F5478;
			remoteInfo = MadLibs;
		};
/* End PBXContainerItemProxy section */

/* Begin PBXFileReference section */
		966569541E7CA153004F5478 /* MadLibs.app */ = {isa = PBXFileReference; explicitFileType = wrapper.application; includeInIndex = 0; path = MadLibs.app; sourceTree = BUILT_PRODUCTS_DIR; };
		966569571E7CA153004F5478 /* AppDelegate.swift */ = {isa = PBXFileReference; lastKnownFileType = sourcecode.swift; path = AppDelegate.swift; sourceTree = "<group>"; };
		966569591E7CA153004F5478 /* MadLibsViewController.swift */ = {isa = PBXFileReference; lastKnownFileType = sourcecode.swift; path = MadLibsViewController.swift; sourceTree = "<group>"; };
		9665695C1E7CA153004F5478 /* Base */ = {isa = PBXFileReference; lastKnownFileType = file.storyboard; name = Base; path = Base.lproj/Main.storyboard; sourceTree = "<group>"; };
		9665695E1E7CA153004F5478 /* Assets.xcassets */ = {isa = PBXFileReference; lastKnownFileType = folder.assetcatalog; path = Assets.xcassets; sourceTree = "<group>"; };
		966569611E7CA153004F5478 /* Base */ = {isa = PBXFileReference; lastKnownFileType = file.storyboard; name = Base; path = Base.lproj/LaunchScreen.storyboard; sourceTree = "<group>"; };
		966569631E7CA153004F5478 /* Info.plist */ = {isa = PBXFileReference; lastKnownFileType = text.plist.xml; path = Info.plist; sourceTree = "<group>"; };
		966569681E7CA153004F5478 /* MadLibsTests.xctest */ = {isa = PBXFileReference; explicitFileType = wrapper.cfbundle; includeInIndex = 0; path = MadLibsTests.xctest; sourceTree = BUILT_PRODUCTS_DIR; };
		9665696C1E7CA153004F5478 /* MadLibsTests.swift */ = {isa = PBXFileReference; lastKnownFileType = sourcecode.swift; path = MadLibsTests.swift; sourceTree = "<group>"; };
		9665696E1E7CA153004F5478 /* Info.plist */ = {isa = PBXFileReference; lastKnownFileType = text.plist.xml; path = Info.plist; sourceTree = "<group>"; };
		966569731E7CA153004F5478 /* MadLibsUITests.xctest */ = {isa = PBXFileReference; explicitFileType = wrapper.cfbundle; includeInIndex = 0; path = MadLibsUITests.xctest; sourceTree = BUILT_PRODUCTS_DIR; };
		966569771E7CA153004F5478 /* MadLibsUITests.swift */ = {isa = PBXFileReference; lastKnownFileType = sourcecode.swift; path = MadLibsUITests.swift; sourceTree = "<group>"; };
		966569791E7CA153004F5478 /* Info.plist */ = {isa = PBXFileReference; lastKnownFileType = text.plist.xml; path = Info.plist; sourceTree = "<group>"; };
		966569851E7CA8F6004F5478 /* ComposeMadLibsViewController.swift */ = {isa = PBXFileReference; fileEncoding = 4; lastKnownFileType = sourcecode.swift; path = ComposeMadLibsViewController.swift; sourceTree = "<group>"; };
		966569871E7CA95B004F5478 /* ComposeMadLibsDelegate.swift */ = {isa = PBXFileReference; fileEncoding = 4; lastKnownFileType = sourcecode.swift; path = ComposeMadLibsDelegate.swift; sourceTree = "<group>"; };
/* End PBXFileReference section */

/* Begin PBXFrameworksBuildPhase section */
		966569511E7CA153004F5478 /* Frameworks */ = {
			isa = PBXFrameworksBuildPhase;
			buildActionMask = 2147483647;
			files = (
			);
			runOnlyForDeploymentPostprocessing = 0;
		};
		966569651E7CA153004F5478 /* Frameworks */ = {
			isa = PBXFrameworksBuildPhase;
			buildActionMask = 2147483647;
			files = (
			);
			runOnlyForDeploymentPostprocessing = 0;
		};
		966569701E7CA153004F5478 /* Frameworks */ = {
			isa = PBXFrameworksBuildPhase;
			buildActionMask = 2147483647;
			files = (
			);
			runOnlyForDeploymentPostprocessing = 0;
		};
/* End PBXFrameworksBuildPhase section */

/* Begin PBXGroup section */
		9665694B1E7CA153004F5478 = {
			isa = PBXGroup;
			children = (
				966569561E7CA153004F5478 /* MadLibs */,
				9665696B1E7CA153004F5478 /* MadLibsTests */,
				966569761E7CA153004F5478 /* MadLibsUITests */,
				966569551E7CA153004F5478 /* Products */,
			);
			sourceTree = "<group>";
		};
		966569551E7CA153004F5478 /* Products */ = {
			isa = PBXGroup;
			children = (
				966569541E7CA153004F5478 /* MadLibs.app */,
				966569681E7CA153004F5478 /* MadLibsTests.xctest */,
				966569731E7CA153004F5478 /* MadLibsUITests.xctest */,
			);
			name = Products;
			sourceTree = "<group>";
		};
		966569561E7CA153004F5478 /* MadLibs */ = {
			isa = PBXGroup;
			children = (
				966569571E7CA153004F5478 /* AppDelegate.swift */,
				966569591E7CA153004F5478 /* MadLibsViewController.swift */,
				9665695B1E7CA153004F5478 /* Main.storyboard */,
				966569851E7CA8F6004F5478 /* ComposeMadLibsViewController.swift */,
				966569871E7CA95B004F5478 /* ComposeMadLibsDelegate.swift */,
				9665695E1E7CA153004F5478 /* Assets.xcassets */,
				966569601E7CA153004F5478 /* LaunchScreen.storyboard */,
				966569631E7CA153004F5478 /* Info.plist */,
			);
			path = MadLibs;
			sourceTree = "<group>";
		};
		9665696B1E7CA153004F5478 /* MadLibsTests */ = {
			isa = PBXGroup;
			children = (
				9665696C1E7CA153004F5478 /* MadLibsTests.swift */,
				9665696E1E7CA153004F5478 /* Info.plist */,
			);
			path = MadLibsTests;
			sourceTree = "<group>";
		};
		966569761E7CA153004F5478 /* MadLibsUITests */ = {
			isa = PBXGroup;
			children = (
				966569771E7CA153004F5478 /* MadLibsUITests.swift */,
				966569791E7CA153004F5478 /* Info.plist */,
			);
			path = MadLibsUITests;
			sourceTree = "<group>";
		};
/* End PBXGroup section */

/* Begin PBXNativeTarget section */
		966569531E7CA153004F5478 /* MadLibs */ = {
			isa = PBXNativeTarget;
			buildConfigurationList = 9665697C1E7CA153004F5478 /* Build configuration list for PBXNativeTarget "MadLibs" */;
			buildPhases = (
				966569501E7CA153004F5478 /* Sources */,
				966569511E7CA153004F5478 /* Frameworks */,
				966569521E7CA153004F5478 /* Resources */,
			);
			buildRules = (
			);
			dependencies = (
			);
			name = MadLibs;
			productName = MadLibs;
			productReference = 966569541E7CA153004F5478 /* MadLibs.app */;
			productType = "com.apple.product-type.application";
		};
		966569671E7CA153004F5478 /* MadLibsTests */ = {
			isa = PBXNativeTarget;
			buildConfigurationList = 9665697F1E7CA153004F5478 /* Build configuration list for PBXNativeTarget "MadLibsTests" */;
			buildPhases = (
				966569641E7CA153004F5478 /* Sources */,
				966569651E7CA153004F5478 /* Frameworks */,
				966569661E7CA153004F5478 /* Resources */,
			);
			buildRules = (
			);
			dependencies = (
				9665696A1E7CA153004F5478 /* PBXTargetDependency */,
			);
			name = MadLibsTests;
			productName = MadLibsTests;
			productReference = 966569681E7CA153004F5478 /* MadLibsTests.xctest */;
			productType = "com.apple.product-type.bundle.unit-test";
		};
		966569721E7CA153004F5478 /* MadLibsUITests */ = {
			isa = PBXNativeTarget;
			buildConfigurationList = 966569821E7CA153004F5478 /* Build configuration list for PBXNativeTarget "MadLibsUITests" */;
			buildPhases = (
				9665696F1E7CA153004F5478 /* Sources */,
				966569701E7CA153004F5478 /* Frameworks */,
				966569711E7CA153004F5478 /* Resources */,
			);
			buildRules = (
			);
			dependencies = (
				966569751E7CA153004F5478 /* PBXTargetDependency */,
			);
			name = MadLibsUITests;
			productName = MadLibsUITests;
			productReference = 966569731E7CA153004F5478 /* MadLibsUITests.xctest */;
			productType = "com.apple.product-type.bundle.ui-testing";
		};
/* End PBXNativeTarget section */

/* Begin PBXProject section */
		9665694C1E7CA153004F5478 /* Project object */ = {
			isa = PBXProject;
			attributes = {
				LastSwiftUpdateCheck = 0820;
				LastUpgradeCheck = 0820;
				ORGANIZATIONNAME = "Nishant Patel";
				TargetAttributes = {
					966569531E7CA153004F5478 = {
						CreatedOnToolsVersion = 8.2.1;
						DevelopmentTeam = GRGJW6B5ZE;
						ProvisioningStyle = Automatic;
					};
					966569671E7CA153004F5478 = {
						CreatedOnToolsVersion = 8.2.1;
						DevelopmentTeam = GRGJW6B5ZE;
						ProvisioningStyle = Automatic;
						TestTargetID = 966569531E7CA153004F5478;
					};
					966569721E7CA153004F5478 = {
						CreatedOnToolsVersion = 8.2.1;
						DevelopmentTeam = GRGJW6B5ZE;
						ProvisioningStyle = Automatic;
						TestTargetID = 966569531E7CA153004F5478;
					};
				};
			};
			buildConfigurationList = 9665694F1E7CA153004F5478 /* Build configuration list for PBXProject "MadLibs" */;
			compatibilityVersion = "Xcode 3.2";
			developmentRegion = English;
			hasScannedForEncodings = 0;
			knownRegions = (
				en,
				Base,
			);
			mainGroup = 9665694B1E7CA153004F5478;
			productRefGroup = 966569551E7CA153004F5478 /* Products */;
			projectDirPath = "";
			projectRoot = "";
			targets = (
				966569531E7CA153004F5478 /* MadLibs */,
				966569671E7CA153004F5478 /* MadLibsTests */,
				966569721E7CA153004F5478 /* MadLibsUITests */,
			);
		};
/* End PBXProject section */

/* Begin PBXResourcesBuildPhase section */
		966569521E7CA153004F5478 /* Resources */ = {
			isa = PBXResourcesBuildPhase;
			buildActionMask = 2147483647;
			files = (
				966569621E7CA153004F5478 /* LaunchScreen.storyboard in Resources */,
				9665695F1E7CA153004F5478 /* Assets.xcassets in Resources */,
				9665695D1E7CA153004F5478 /* Main.storyboard in Resources */,
			);
			runOnlyForDeploymentPostprocessing = 0;
		};
		966569661E7CA153004F5478 /* Resources */ = {
			isa = PBXResourcesBuildPhase;
			buildActionMask = 2147483647;
			files = (
			);
			runOnlyForDeploymentPostprocessing = 0;
		};
		966569711E7CA153004F5478 /* Resources */ = {
			isa = PBXResourcesBuildPhase;
			buildActionMask = 2147483647;
			files = (
			);
			runOnlyForDeploymentPostprocessing = 0;
		};
/* End PBXResourcesBuildPhase section */

/* Begin PBXSourcesBuildPhase section */
		966569501E7CA153004F5478 /* Sources */ = {
			isa = PBXSourcesBuildPhase;
			buildActionMask = 2147483647;
			files = (
				966569881E7CA95B004F5478 /* ComposeMadLibsDelegate.swift in Sources */,
				966569861E7CA8F6004F5478 /* ComposeMadLibsViewController.swift in Sources */,
				9665695A1E7CA153004F5478 /* MadLibsViewController.swift in Sources */,
				966569581E7CA153004F5478 /* AppDelegate.swift in Sources */,
			);
			runOnlyForDeploymentPostprocessing = 0;
		};
		966569641E7CA153004F5478 /* Sources */ = {
			isa = PBXSourcesBuildPhase;
			buildActionMask = 2147483647;
			files = (
				9665696D1E7CA153004F5478 /* MadLibsTests.swift in Sources */,
			);
			runOnlyForDeploymentPostprocessing = 0;
		};
		9665696F1E7CA153004F5478 /* Sources */ = {
			isa = PBXSourcesBuildPhase;
			buildActionMask = 2147483647;
			files = (
				966569781E7CA153004F5478 /* MadLibsUITests.swift in Sources */,
			);
			runOnlyForDeploymentPostprocessing = 0;
		};
/* End PBXSourcesBuildPhase section */

/* Begin PBXTargetDependency section */
		9665696A1E7CA153004F5478 /* PBXTargetDependency */ = {
			isa = PBXTargetDependency;
			target = 966569531E7CA153004F5478 /* MadLibs */;
			targetProxy = 966569691E7CA153004F5478 /* PBXContainerItemProxy */;
		};
		966569751E7CA153004F5478 /* PBXTargetDependency */ = {
			isa = PBXTargetDependency;
			target = 966569531E7CA153004F5478 /* MadLibs */;
			targetProxy = 966569741E7CA153004F5478 /* PBXContainerItemProxy */;
		};
/* End PBXTargetDependency section */

/* Begin PBXVariantGroup section */
		9665695B1E7CA153004F5478 /* Main.storyboard */ = {
			isa = PBXVariantGroup;
			children = (
				9665695C1E7CA153004F5478 /* Base */,
			);
			name = Main.storyboard;
			sourceTree = "<group>";
		};
		966569601E7CA153004F5478 /* LaunchScreen.storyboard */ = {
			isa = PBXVariantGroup;
			children = (
				966569611E7CA153004F5478 /* Base */,
			);
			name = LaunchScreen.storyboard;
			sourceTree = "<group>";
		};
/* End PBXVariantGroup section */

/* Begin XCBuildConfiguration section */
		9665697A1E7CA153004F5478 /* Debug */ = {
			isa = XCBuildConfiguration;
			buildSettings = {
				ALWAYS_SEARCH_USER_PATHS = NO;
				CLANG_ANALYZER_NONNULL = YES;
				CLANG_CXX_LANGUAGE_STANDARD = "gnu++0x";
				CLANG_CXX_LIBRARY = "libc++";
				CLANG_ENABLE_MODULES = YES;
				CLANG_ENABLE_OBJC_ARC = YES;
				CLANG_WARN_BOOL_CONVERSION = YES;
				CLANG_WARN_CONSTANT_CONVERSION = YES;
				CLANG_WARN_DIRECT_OBJC_ISA_USAGE = YES_ERROR;
				CLANG_WARN_DOCUMENTATION_COMMENTS = YES;
				CLANG_WARN_EMPTY_BODY = YES;
				CLANG_WARN_ENUM_CONVERSION = YES;
				CLANG_WARN_INFINITE_RECURSION = YES;
				CLANG_WARN_INT_CONVERSION = YES;
				CLANG_WARN_OBJC_ROOT_CLASS = YES_ERROR;
				CLANG_WARN_SUSPICIOUS_MOVE = YES;
				CLANG_WARN_UNREACHABLE_CODE = YES;
				CLANG_WARN__DUPLICATE_METHOD_MATCH = YES;
				"CODE_SIGN_IDENTITY[sdk=iphoneos*]" = "iPhone Developer";
				COPY_PHASE_STRIP = NO;
				DEBUG_INFORMATION_FORMAT = dwarf;
				ENABLE_STRICT_OBJC_MSGSEND = YES;
				ENABLE_TESTABILITY = YES;
				GCC_C_LANGUAGE_STANDARD = gnu99;
				GCC_DYNAMIC_NO_PIC = NO;
				GCC_NO_COMMON_BLOCKS = YES;
				GCC_OPTIMIZATION_LEVEL = 0;
				GCC_PREPROCESSOR_DEFINITIONS = (
					"DEBUG=1",
					"$(inherited)",
				);
				GCC_WARN_64_TO_32_BIT_CONVERSION = YES;
				GCC_WARN_ABOUT_RETURN_TYPE = YES_ERROR;
				GCC_WARN_UNDECLARED_SELECTOR = YES;
				GCC_WARN_UNINITIALIZED_AUTOS = YES_AGGRESSIVE;
				GCC_WARN_UNUSED_FUNCTION = YES;
				GCC_WARN_UNUSED_VARIABLE = YES;
				IPHONEOS_DEPLOYMENT_TARGET = 10.2;
				MTL_ENABLE_DEBUG_INFO = YES;
				ONLY_ACTIVE_ARCH = YES;
				SDKROOT = iphoneos;
				SWIFT_ACTIVE_COMPILATION_CONDITIONS = DEBUG;
				SWIFT_OPTIMIZATION_LEVEL = "-Onone";
			};
			name = Debug;
		};
		9665697B1E7CA153004F5478 /* Release */ = {
			isa = XCBuildConfiguration;
			buildSettings = {
				ALWAYS_SEARCH_USER_PATHS = NO;
				CLANG_ANALYZER_NONNULL = YES;
				CLANG_CXX_LANGUAGE_STANDARD = "gnu++0x";
				CLANG_CXX_LIBRARY = "libc++";
				CLANG_ENABLE_MODULES = YES;
				CLANG_ENABLE_OBJC_ARC = YES;
				CLANG_WARN_BOOL_CONVERSION = YES;
				CLANG_WARN_CONSTANT_CONVERSION = YES;
				CLANG_WARN_DIRECT_OBJC_ISA_USAGE = YES_ERROR;
				CLANG_WARN_DOCUMENTATION_COMMENTS = YES;
				CLANG_WARN_EMPTY_BODY = YES;
				CLANG_WARN_ENUM_CONVERSION = YES;
				CLANG_WARN_INFINITE_RECURSION = YES;
				CLANG_WARN_INT_CONVERSION = YES;
				CLANG_WARN_OBJC_ROOT_CLASS = YES_ERROR;
				CLANG_WARN_SUSPICIOUS_MOVE = YES;
				CLANG_WARN_UNREACHABLE_CODE = YES;
				CLANG_WARN__DUPLICATE_METHOD_MATCH = YES;
				"CODE_SIGN_IDENTITY[sdk=iphoneos*]" = "iPhone Developer";
				COPY_PHASE_STRIP = NO;
				DEBUG_INFORMATION_FORMAT = "dwarf-with-dsym";
				ENABLE_NS_ASSERTIONS = NO;
				ENABLE_STRICT_OBJC_MSGSEND = YES;
				GCC_C_LANGUAGE_STANDARD = gnu99;
				GCC_NO_COMMON_BLOCKS = YES;
				GCC_WARN_64_TO_32_BIT_CONVERSION = YES;
				GCC_WARN_ABOUT_RETURN_TYPE = YES_ERROR;
				GCC_WARN_UNDECLARED_SELECTOR = YES;
				GCC_WARN_UNINITIALIZED_AUTOS = YES_AGGRESSIVE;
				GCC_WARN_UNUSED_FUNCTION = YES;
				GCC_WARN_UNUSED_VARIABLE = YES;
				IPHONEOS_DEPLOYMENT_TARGET = 10.2;
				MTL_ENABLE_DEBUG_INFO = NO;
				SDKROOT = iphoneos;
				SWIFT_OPTIMIZATION_LEVEL = "-Owholemodule";
				VALIDATE_PRODUCT = YES;
			};
			name = Release;
		};
		9665697D1E7CA153004F5478 /* Debug */ = {
			isa = XCBuildConfiguration;
			buildSettings = {
				ASSETCATALOG_COMPILER_APPICON_NAME = AppIcon;
				DEVELOPMENT_TEAM = GRGJW6B5ZE;
				INFOPLIST_FILE = MadLibs/Info.plist;
				LD_RUNPATH_SEARCH_PATHS = "$(inherited) @executable_path/Frameworks";
				PRODUCT_BUNDLE_IDENTIFIER = com.nishantpatel.MadLibs;
				PRODUCT_NAME = "$(TARGET_NAME)";
				SWIFT_VERSION = 3.0;
			};
			name = Debug;
		};
		9665697E1E7CA153004F5478 /* Release */ = {
			isa = XCBuildConfiguration;
			buildSettings = {
				ASSETCATALOG_COMPILER_APPICON_NAME = AppIcon;
				DEVELOPMENT_TEAM = GRGJW6B5ZE;
				INFOPLIST_FILE = MadLibs/Info.plist;
				LD_RUNPATH_SEARCH_PATHS = "$(inherited) @executable_path/Frameworks";
				PRODUCT_BUNDLE_IDENTIFIER = com.nishantpatel.MadLibs;
				PRODUCT_NAME = "$(TARGET_NAME)";
				SWIFT_VERSION = 3.0;
			};
			name = Release;
		};
		966569801E7CA153004F5478 /* Debug */ = {
			isa = XCBuildConfiguration;
			buildSettings = {
				ALWAYS_EMBED_SWIFT_STANDARD_LIBRARIES = YES;
				BUNDLE_LOADER = "$(TEST_HOST)";
				DEVELOPMENT_TEAM = GRGJW6B5ZE;
				INFOPLIST_FILE = MadLibsTests/Info.plist;
				LD_RUNPATH_SEARCH_PATHS = "$(inherited) @executable_path/Frameworks @loader_path/Frameworks";
				PRODUCT_BUNDLE_IDENTIFIER = com.nishantpatel.MadLibsTests;
				PRODUCT_NAME = "$(TARGET_NAME)";
				SWIFT_VERSION = 3.0;
				TEST_HOST = "$(BUILT_PRODUCTS_DIR)/MadLibs.app/MadLibs";
			};
			name = Debug;
		};
		966569811E7CA153004F5478 /* Release */ = {
			isa = XCBuildConfiguration;
			buildSettings = {
				ALWAYS_EMBED_SWIFT_STANDARD_LIBRARIES = YES;
				BUNDLE_LOADER = "$(TEST_HOST)";
				DEVELOPMENT_TEAM = GRGJW6B5ZE;
				INFOPLIST_FILE = MadLibsTests/Info.plist;
				LD_RUNPATH_SEARCH_PATHS = "$(inherited) @executable_path/Frameworks @loader_path/Frameworks";
				PRODUCT_BUNDLE_IDENTIFIER = com.nishantpatel.MadLibsTests;
				PRODUCT_NAME = "$(TARGET_NAME)";
				SWIFT_VERSION = 3.0;
				TEST_HOST = "$(BUILT_PRODUCTS_DIR)/MadLibs.app/MadLibs";
			};
			name = Release;
		};
		966569831E7CA153004F5478 /* Debug */ = {
			isa = XCBuildConfiguration;
			buildSettings = {
				ALWAYS_EMBED_SWIFT_STANDARD_LIBRARIES = YES;
				DEVELOPMENT_TEAM = GRGJW6B5ZE;
				INFOPLIST_FILE = MadLibsUITests/Info.plist;
				LD_RUNPATH_SEARCH_PATHS = "$(inherited) @executable_path/Frameworks @loader_path/Frameworks";
				PRODUCT_BUNDLE_IDENTIFIER = com.nishantpatel.MadLibsUITests;
				PRODUCT_NAME = "$(TARGET_NAME)";
				SWIFT_VERSION = 3.0;
				TEST_TARGET_NAME = MadLibs;
			};
			name = Debug;
		};
		966569841E7CA153004F5478 /* Release */ = {
			isa = XCBuildConfiguration;
			buildSettings = {
				ALWAYS_EMBED_SWIFT_STANDARD_LIBRARIES = YES;
				DEVELOPMENT_TEAM = GRGJW6B5ZE;
				INFOPLIST_FILE = MadLibsUITests/Info.plist;
				LD_RUNPATH_SEARCH_PATHS = "$(inherited) @executable_path/Frameworks @loader_path/Frameworks";
				PRODUCT_BUNDLE_IDENTIFIER = com.nishantpatel.MadLibsUITests;
				PRODUCT_NAME = "$(TARGET_NAME)";
				SWIFT_VERSION = 3.0;
				TEST_TARGET_NAME = MadLibs;
			};
			name = Release;
		};
/* End XCBuildConfiguration section */

/* Begin XCConfigurationList section */
		9665694F1E7CA153004F5478 /* Build configuration list for PBXProject "MadLibs" */ = {
			isa = XCConfigurationList;
			buildConfigurations = (
				9665697A1E7CA153004F5478 /* Debug */,
				9665697B1E7CA153004F5478 /* Release */,
			);
			defaultConfigurationIsVisible = 0;
			defaultConfigurationName = Release;
		};
		9665697C1E7CA153004F5478 /* Build configuration list for PBXNativeTarget "MadLibs" */ = {
			isa = XCConfigurationList;
			buildConfigurations = (
				9665697D1E7CA153004F5478 /* Debug */,
				9665697E1E7CA153004F5478 /* Release */,
			);
			defaultConfigurationIsVisible = 0;
		};
		9665697F1E7CA153004F5478 /* Build configuration list for PBXNativeTarget "MadLibsTests" */ = {
			isa = XCConfigurationList;
			buildConfigurations = (
				966569801E7CA153004F5478 /* Debug */,
				966569811E7CA153004F5478 /* Release */,
			);
			defaultConfigurationIsVisible = 0;
		};
		966569821E7CA153004F5478 /* Build configuration list for PBXNativeTarget "MadLibsUITests" */ = {
			isa = XCConfigurationList;
			buildConfigurations = (
				966569831E7CA153004F5478 /* Debug */,
				966569841E7CA153004F5478 /* Release */,
			);
			defaultConfigurationIsVisible = 0;
		};
/* End XCConfigurationList section */
	};
	rootObject = 9665694C1E7CA153004F5478 /* Project object */;
}
